
Microsoft Visual Studio Solution File, Format Version 12.00
# Visual Studio 2015
Project("{FAE04EC0-301F-11D3-BF4B-00C04F79EFBC}") = "Ernie's Pre-Pre-alpha.CSharp.Plugins", "Ernie's Pre-Pre-alpha.CSharp.Plugins.csproj", "{5A4499D5-618D-5A47-F514-8AF4EE6AEFF6}"
EndProject
Project("{FAE04EC0-301F-11D3-BF4B-00C04F79EFBC}") = "Ernie's Pre-Pre-alpha.CSharp", "Ernie's Pre-Pre-alpha.CSharp.csproj", "{72F6B061-2515-C247-EE11-074F4CCF9652}"
EndProject
Project("{FAE04EC0-301F-11D3-BF4B-00C04F79EFBC}") = "Ernie's Pre-Pre-alpha.CSharp.Editor", "Ernie's Pre-Pre-alpha.CSharp.Editor.csproj", "{1D54AE2A-F321-51E4-A8DD-292367111025}"
EndProject
Global
	GlobalSection(SolutionConfigurationPlatforms) = preSolution
		Debug|Any CPU = Debug|Any CPU
		Release|Any CPU = Release|Any CPU
	EndGlobalSection
	GlobalSection(ProjectConfigurationPlatforms) = postSolution
		{5A4499D5-618D-5A47-F514-8AF4EE6AEFF6}.Debug|Any CPU.ActiveCfg = Debug|Any CPU
		{5A4499D5-618D-5A47-F514-8AF4EE6AEFF6}.Debug|Any CPU.Build.0 = Debug|Any CPU
		{5A4499D5-618D-5A47-F514-8AF4EE6AEFF6}.Release|Any CPU.ActiveCfg = Release|Any CPU
		{5A4499D5-618D-5A47-F514-8AF4EE6AEFF6}.Release|Any CPU.Build.0 = Release|Any CPU
		{72F6B061-2515-C247-EE11-074F4CCF9652}.Debug|Any CPU.ActiveCfg = Debug|Any CPU
		{72F6B061-2515-C247-EE11-074F4CCF9652}.Debug|Any CPU.Build.0 = Debug|Any CPU
		{72F6B061-2515-C247-EE11-074F4CCF9652}.Release|Any CPU.ActiveCfg = Release|Any CPU
		{72F6B061-2515-C247-EE11-074F4CCF9652}.Release|Any CPU.Build.0 = Release|Any CPU
		{1D54AE2A-F321-51E4-A8DD-292367111025}.Debug|Any CPU.ActiveCfg = Debug|Any CPU
		{1D54AE2A-F321-51E4-A8DD-292367111025}.Debug|Any CPU.Build.0 = Debug|Any CPU
		{1D54AE2A-F321-51E4-A8DD-292367111025}.Release|Any CPU.ActiveCfg = Release|Any CPU
		{1D54AE2A-F321-51E4-A8DD-292367111025}.Release|Any CPU.Build.0 = Release|Any CPU
	EndGlobalSection
	GlobalSection(SolutionProperties) = preSolution
		HideSolutionNode = FALSE
	EndGlobalSection
EndGlobal
