Microsoft Visual Studio Solution File, Format Version 11.00
# Visual Studio 2008

Project("{2DF7341D-AD3D-96AE-1F03-51A98F08C84A}") = "ShootEmUp", "Assembly-CSharp-firstpass-vs.csproj", "{AD61799A-163D-CE55-E444-7C68E7B021D5}"
EndProject
Project("{2DF7341D-AD3D-96AE-1F03-51A98F08C84A}") = "ShootEmUp", "Assembly-CSharp-vs.csproj", "{412F1904-1EC0-023C-69B6-8093F59EA576}"
EndProject
Project("{2DF7341D-AD3D-96AE-1F03-51A98F08C84A}") = "ShootEmUp", "Assembly-CSharp-Editor-vs.csproj", "{ED979CE6-DCF7-0A7F-ED6B-64760E8B2C6F}"
EndProject
Global
	GlobalSection(SolutionConfigurationPlatforms) = preSolution
		Debug|Any CPU = Debug|Any CPU
		Release|Any CPU = Release|Any CPU
	EndGlobalSection
	GlobalSection(ProjectConfigurationPlatforms) = postSolution
		{AD61799A-163D-CE55-E444-7C68E7B021D5}.Debug|Any CPU.ActiveCfg = Debug|Any CPU
		{AD61799A-163D-CE55-E444-7C68E7B021D5}.Debug|Any CPU.Build.0 = Debug|Any CPU
		{AD61799A-163D-CE55-E444-7C68E7B021D5}.Release|Any CPU.ActiveCfg = Release|Any CPU
		{AD61799A-163D-CE55-E444-7C68E7B021D5}.Release|Any CPU.Build.0 = Release|Any CPU
		{412F1904-1EC0-023C-69B6-8093F59EA576}.Debug|Any CPU.ActiveCfg = Debug|Any CPU
		{412F1904-1EC0-023C-69B6-8093F59EA576}.Debug|Any CPU.Build.0 = Debug|Any CPU
		{412F1904-1EC0-023C-69B6-8093F59EA576}.Release|Any CPU.ActiveCfg = Release|Any CPU
		{412F1904-1EC0-023C-69B6-8093F59EA576}.Release|Any CPU.Build.0 = Release|Any CPU
		{ED979CE6-DCF7-0A7F-ED6B-64760E8B2C6F}.Debug|Any CPU.ActiveCfg = Debug|Any CPU
		{ED979CE6-DCF7-0A7F-ED6B-64760E8B2C6F}.Debug|Any CPU.Build.0 = Debug|Any CPU
		{ED979CE6-DCF7-0A7F-ED6B-64760E8B2C6F}.Release|Any CPU.ActiveCfg = Release|Any CPU
		{ED979CE6-DCF7-0A7F-ED6B-64760E8B2C6F}.Release|Any CPU.Build.0 = Release|Any CPU
	EndGlobalSection
	GlobalSection(SolutionProperties) = preSolution
		HideSolutionNode = FALSE
	EndGlobalSection
		GlobalSection(MonoDevelopProperties) = preSolution
		StartupItem = Assembly-CSharp.csproj
		Policies = $0
		$0.TextStylePolicy = $1
		$1.inheritsSet = null
		$1.scope = text/x-csharp
		$0.CSharpFormattingPolicy = $2
		$2.inheritsSet = Mono
		$2.inheritsScope = text/x-csharp
		$2.scope = text/x-csharp
		$0.TextStylePolicy = $3
		$3.FileWidth = 120
		$3.TabWidth = 4
		$3.IndentWidth = 4
		$3.EolMarker = Unix
		$3.inheritsSet = Mono
		$3.inheritsScope = text/plain
		$3.scope = text/plain
	EndGlobalSection

EndGlobal
